// !$*UTF8*$!
{
	archiveVersion = 1;
	classes = {
	};
	objectVersion = 56;
	objects = {

/* Begin PBXBuildFile section */
		BD1F55012A6AE93700541A7E /* toDoRedo.swift in Sources */ = {isa = PBXBuildFile; fileRef = BD1F55002A6AE93700541A7E /* toDoRedo.swift */; };
		BD1F55042A6AEA0D00541A7E /* clover.xcdatamodeld in Sources */ = {isa = PBXBuildFile; fileRef = BD1F55022A6AEA0D00541A7E /* clover.xcdatamodeld */; };
		BDB6EC392A69A44F00CDDEBF /* cloverApp.swift in Sources */ = {isa = PBXBuildFile; fileRef = BDB6EC382A69A44F00CDDEBF /* cloverApp.swift */; };
		BDB6EC3B2A69A44F00CDDEBF /* ContentView.swift in Sources */ = {isa = PBXBuildFile; fileRef = BDB6EC3A2A69A44F00CDDEBF /* ContentView.swift */; };
		BDB6EC3D2A69A45000CDDEBF /* Assets.xcassets in Resources */ = {isa = PBXBuildFile; fileRef = BDB6EC3C2A69A45000CDDEBF /* Assets.xcassets */; };
		BDB6EC402A69A45000CDDEBF /* Preview Assets.xcassets in Resources */ = {isa = PBXBuildFile; fileRef = BDB6EC3F2A69A45000CDDEBF /* Preview Assets.xcassets */; };
		BDB6EC492A69A48700CDDEBF /* homepage.swift in Sources */ = {isa = PBXBuildFile; fileRef = BDB6EC482A69A48600CDDEBF /* homepage.swift */; };
		BDB6EC4B2A69B33400CDDEBF /* fashionablyeducated.swift in Sources */ = {isa = PBXBuildFile; fileRef = BDB6EC4A2A69B33400CDDEBF /* fashionablyeducated.swift */; };
		BDB6EC4D2A69B34B00CDDEBF /* sustainablestars.swift in Sources */ = {isa = PBXBuildFile; fileRef = BDB6EC4C2A69B34B00CDDEBF /* sustainablestars.swift */; };
		BDB6EC4F2A69B37300CDDEBF /* signaturestyle.swift in Sources */ = {isa = PBXBuildFile; fileRef = BDB6EC4E2A69B37300CDDEBF /* signaturestyle.swift */; };
		BDB6EC512A69B3F700CDDEBF /* history.swift in Sources */ = {isa = PBXBuildFile; fileRef = BDB6EC502A69B3F700CDDEBF /* history.swift */; };
		BDB6EC532A69B40600CDDEBF /* brands.swift in Sources */ = {isa = PBXBuildFile; fileRef = BDB6EC522A69B40600CDDEBF /* brands.swift */; };
		BDC4ADF72A69D06F00B72EAA /* Styling.swift in Sources */ = {isa = PBXBuildFile; fileRef = BDC4ADF62A69D06F00B72EAA /* Styling.swift */; };
		BDC4ADF92A69D0B400B72EAA /* Thrifting.swift in Sources */ = {isa = PBXBuildFile; fileRef = BDC4ADF82A69D0B400B72EAA /* Thrifting.swift */; };
		BDC4ADFB2A69D15100B72EAA /* oooclothes.swift in Sources */ = {isa = PBXBuildFile; fileRef = BDC4ADFA2A69D15100B72EAA /* oooclothes.swift */; };
		BDC4ADFD2A69D18D00B72EAA /* shurt.swift in Sources */ = {isa = PBXBuildFile; fileRef = BDC4ADFC2A69D18D00B72EAA /* shurt.swift */; };
		BDC4ADFF2A69D22400B72EAA /* DiyInspo.swift in Sources */ = {isa = PBXBuildFile; fileRef = BDC4ADFE2A69D22400B72EAA /* DiyInspo.swift */; };
		BDC4AE012A69D27C00B72EAA /* test.swift in Sources */ = {isa = PBXBuildFile; fileRef = BDC4AE002A69D27C00B72EAA /* test.swift */; };
		BDC4AE032A69D2D600B72EAA /* VideoView.swift in Sources */ = {isa = PBXBuildFile; fileRef = BDC4AE022A69D2D600B72EAA /* VideoView.swift */; };
		BDC4AE052A69D3CB00B72EAA /* ToDoItem.swift in Sources */ = {isa = PBXBuildFile; fileRef = BDC4AE042A69D3CB00B72EAA /* ToDoItem.swift */; };
		BDC4AE092A69D4AA00B72EAA /* NewToDoView.swift in Sources */ = {isa = PBXBuildFile; fileRef = BDC4AE082A69D4AA00B72EAA /* NewToDoView.swift */; };
		BDC4AE0B2A69D50400B72EAA /* Persistence.swift in Sources */ = {isa = PBXBuildFile; fileRef = BDC4AE0A2A69D50400B72EAA /* Persistence.swift */; };
		BDC4AE122A69DC3400B72EAA /* buildoutfit.swift in Sources */ = {isa = PBXBuildFile; fileRef = BDC4AE112A69DC3400B72EAA /* buildoutfit.swift */; };
		BDC4AE142A69DC5800B72EAA /* secondQ.swift in Sources */ = {isa = PBXBuildFile; fileRef = BDC4AE132A69DC5800B72EAA /* secondQ.swift */; };
		BDC4AE162A69DC8200B72EAA /* thirdQ.swift in Sources */ = {isa = PBXBuildFile; fileRef = BDC4AE152A69DC8200B72EAA /* thirdQ.swift */; };
		BDC4AE182A69DCBE00B72EAA /* final.swift in Sources */ = {isa = PBXBuildFile; fileRef = BDC4AE172A69DCBE00B72EAA /* final.swift */; };
		BDC4AE1A2A69DCED00B72EAA /* findyourstyle.swift in Sources */ = {isa = PBXBuildFile; fileRef = BDC4AE192A69DCED00B72EAA /* findyourstyle.swift */; };
		BDC4AE1C2A69E34D00B72EAA /* fashionissue.swift in Sources */ = {isa = PBXBuildFile; fileRef = BDC4AE1B2A69E34D00B72EAA /* fashionissue.swift */; };
/* End PBXBuildFile section */

/* Begin PBXFileReference section */
		BD1F55002A6AE93700541A7E /* toDoRedo.swift */ = {isa = PBXFileReference; lastKnownFileType = sourcecode.swift; path = toDoRedo.swift; sourceTree = "<group>"; };
		BD1F55032A6AEA0D00541A7E /* clover.xcdatamodel */ = {isa = PBXFileReference; lastKnownFileType = wrapper.xcdatamodel; path = clover.xcdatamodel; sourceTree = "<group>"; };
		BDB6EC352A69A44F00CDDEBF /* clover.app */ = {isa = PBXFileReference; explicitFileType = wrapper.application; includeInIndex = 0; path = clover.app; sourceTree = BUILT_PRODUCTS_DIR; };
		BDB6EC382A69A44F00CDDEBF /* cloverApp.swift */ = {isa = PBXFileReference; lastKnownFileType = sourcecode.swift; path = cloverApp.swift; sourceTree = "<group>"; };
		BDB6EC3A2A69A44F00CDDEBF /* ContentView.swift */ = {isa = PBXFileReference; lastKnownFileType = sourcecode.swift; path = ContentView.swift; sourceTree = "<group>"; };
		BDB6EC3C2A69A45000CDDEBF /* Assets.xcassets */ = {isa = PBXFileReference; lastKnownFileType = folder.assetcatalog; path = Assets.xcassets; sourceTree = "<group>"; };
		BDB6EC3F2A69A45000CDDEBF /* Preview Assets.xcassets */ = {isa = PBXFileReference; lastKnownFileType = folder.assetcatalog; path = "Preview Assets.xcassets"; sourceTree = "<group>"; };
		BDB6EC482A69A48600CDDEBF /* homepage.swift */ = {isa = PBXFileReference; lastKnownFileType = sourcecode.swift; path = homepage.swift; sourceTree = "<group>"; };
		BDB6EC4A2A69B33400CDDEBF /* fashionablyeducated.swift */ = {isa = PBXFileReference; lastKnownFileType = sourcecode.swift; path = fashionablyeducated.swift; sourceTree = "<group>"; };
		BDB6EC4C2A69B34B00CDDEBF /* sustainablestars.swift */ = {isa = PBXFileReference; lastKnownFileType = sourcecode.swift; path = sustainablestars.swift; sourceTree = "<group>"; };
		BDB6EC4E2A69B37300CDDEBF /* signaturestyle.swift */ = {isa = PBXFileReference; lastKnownFileType = sourcecode.swift; path = signaturestyle.swift; sourceTree = "<group>"; };
		BDB6EC502A69B3F700CDDEBF /* history.swift */ = {isa = PBXFileReference; lastKnownFileType = sourcecode.swift; path = history.swift; sourceTree = "<group>"; };
		BDB6EC522A69B40600CDDEBF /* brands.swift */ = {isa = PBXFileReference; lastKnownFileType = sourcecode.swift; path = brands.swift; sourceTree = "<group>"; };
		BDC4ADF62A69D06F00B72EAA /* Styling.swift */ = {isa = PBXFileReference; lastKnownFileType = sourcecode.swift; path = Styling.swift; sourceTree = "<group>"; };
		BDC4ADF82A69D0B400B72EAA /* Thrifting.swift */ = {isa = PBXFileReference; lastKnownFileType = sourcecode.swift; path = Thrifting.swift; sourceTree = "<group>"; };
		BDC4ADFA2A69D15100B72EAA /* oooclothes.swift */ = {isa = PBXFileReference; lastKnownFileType = sourcecode.swift; path = oooclothes.swift; sourceTree = "<group>"; };
		BDC4ADFC2A69D18D00B72EAA /* shurt.swift */ = {isa = PBXFileReference; lastKnownFileType = sourcecode.swift; path = shurt.swift; sourceTree = "<group>"; };
		BDC4ADFE2A69D22400B72EAA /* DiyInspo.swift */ = {isa = PBXFileReference; lastKnownFileType = sourcecode.swift; path = DiyInspo.swift; sourceTree = "<group>"; };
		BDC4AE002A69D27C00B72EAA /* test.swift */ = {isa = PBXFileReference; lastKnownFileType = sourcecode.swift; path = test.swift; sourceTree = "<group>"; };
		BDC4AE022A69D2D600B72EAA /* VideoView.swift */ = {isa = PBXFileReference; lastKnownFileType = sourcecode.swift; path = VideoView.swift; sourceTree = "<group>"; };
		BDC4AE042A69D3CB00B72EAA /* ToDoItem.swift */ = {isa = PBXFileReference; lastKnownFileType = sourcecode.swift; path = ToDoItem.swift; sourceTree = "<group>"; };
		BDC4AE082A69D4AA00B72EAA /* NewToDoView.swift */ = {isa = PBXFileReference; lastKnownFileType = sourcecode.swift; path = NewToDoView.swift; sourceTree = "<group>"; };
		BDC4AE0A2A69D50400B72EAA /* Persistence.swift */ = {isa = PBXFileReference; lastKnownFileType = sourcecode.swift; path = Persistence.swift; sourceTree = "<group>"; };
		BDC4AE112A69DC3400B72EAA /* buildoutfit.swift */ = {isa = PBXFileReference; lastKnownFileType = sourcecode.swift; path = buildoutfit.swift; sourceTree = "<group>"; };
		BDC4AE132A69DC5800B72EAA /* secondQ.swift */ = {isa = PBXFileReference; lastKnownFileType = sourcecode.swift; path = secondQ.swift; sourceTree = "<group>"; };
		BDC4AE152A69DC8200B72EAA /* thirdQ.swift */ = {isa = PBXFileReference; lastKnownFileType = sourcecode.swift; path = thirdQ.swift; sourceTree = "<group>"; };
		BDC4AE172A69DCBE00B72EAA /* final.swift */ = {isa = PBXFileReference; lastKnownFileType = sourcecode.swift; path = final.swift; sourceTree = "<group>"; };
		BDC4AE192A69DCED00B72EAA /* findyourstyle.swift */ = {isa = PBXFileReference; lastKnownFileType = sourcecode.swift; path = findyourstyle.swift; sourceTree = "<group>"; };
		BDC4AE1B2A69E34D00B72EAA /* fashionissue.swift */ = {isa = PBXFileReference; lastKnownFileType = sourcecode.swift; path = fashionissue.swift; sourceTree = "<group>"; };
/* End PBXFileReference section */

/* Begin PBXFrameworksBuildPhase section */
		BDB6EC322A69A44F00CDDEBF /* Frameworks */ = {
			isa = PBXFrameworksBuildPhase;
			buildActionMask = 2147483647;
			files = (
			);
			runOnlyForDeploymentPostprocessing = 0;
		};
/* End PBXFrameworksBuildPhase section */

/* Begin PBXGroup section */
		BDB6EC2C2A69A44F00CDDEBF = {
			isa = PBXGroup;
			children = (
				BDB6EC372A69A44F00CDDEBF /* clover */,
				BDB6EC362A69A44F00CDDEBF /* Products */,
			);
			sourceTree = "<group>";
		};
		BDB6EC362A69A44F00CDDEBF /* Products */ = {
			isa = PBXGroup;
			children = (
				BDB6EC352A69A44F00CDDEBF /* clover.app */,
			);
			name = Products;
			sourceTree = "<group>";
		};
		BDB6EC372A69A44F00CDDEBF /* clover */ = {
			isa = PBXGroup;
			children = (
				BDB6EC382A69A44F00CDDEBF /* cloverApp.swift */,
				BDB6EC3A2A69A44F00CDDEBF /* ContentView.swift */,
				BDB6EC482A69A48600CDDEBF /* homepage.swift */,
				BDB6EC4A2A69B33400CDDEBF /* fashionablyeducated.swift */,
				BDB6EC502A69B3F700CDDEBF /* history.swift */,
				BDC4AE1B2A69E34D00B72EAA /* fashionissue.swift */,
				BDB6EC522A69B40600CDDEBF /* brands.swift */,
				BDB6EC4C2A69B34B00CDDEBF /* sustainablestars.swift */,
				BDC4ADFE2A69D22400B72EAA /* DiyInspo.swift */,
				BDC4AE002A69D27C00B72EAA /* test.swift */,
				BDC4AE022A69D2D600B72EAA /* VideoView.swift */,
				BDC4ADF62A69D06F00B72EAA /* Styling.swift */,
				BDC4ADF82A69D0B400B72EAA /* Thrifting.swift */,
				BDC4ADFA2A69D15100B72EAA /* oooclothes.swift */,
				BDC4ADFC2A69D18D00B72EAA /* shurt.swift */,
				BDB6EC4E2A69B37300CDDEBF /* signaturestyle.swift */,
				BD1F55002A6AE93700541A7E /* toDoRedo.swift */,
				BDC4AE112A69DC3400B72EAA /* buildoutfit.swift */,
				BDC4AE132A69DC5800B72EAA /* secondQ.swift */,
				BDC4AE152A69DC8200B72EAA /* thirdQ.swift */,
				BDC4AE172A69DCBE00B72EAA /* final.swift */,
				BDC4AE192A69DCED00B72EAA /* findyourstyle.swift */,
				BDC4AE042A69D3CB00B72EAA /* ToDoItem.swift */,
				BDC4AE082A69D4AA00B72EAA /* NewToDoView.swift */,
				BDC4AE0A2A69D50400B72EAA /* Persistence.swift */,
				BD1F55022A6AEA0D00541A7E /* clover.xcdatamodeld */,
				BDB6EC3C2A69A45000CDDEBF /* Assets.xcassets */,
				BDB6EC3E2A69A45000CDDEBF /* Preview Content */,
			);
			path = clover;
			sourceTree = "<group>";
		};
		BDB6EC3E2A69A45000CDDEBF /* Preview Content */ = {
			isa = PBXGroup;
			children = (
				BDB6EC3F2A69A45000CDDEBF /* Preview Assets.xcassets */,
			);
			path = "Preview Content";
			sourceTree = "<group>";
		};
/* End PBXGroup section */

/* Begin PBXNativeTarget section */
		BDB6EC342A69A44F00CDDEBF /* clover */ = {
			isa = PBXNativeTarget;
			buildConfigurationList = BDB6EC432A69A45000CDDEBF /* Build configuration list for PBXNativeTarget "clover" */;
			buildPhases = (
				BDB6EC312A69A44F00CDDEBF /* Sources */,
				BDB6EC322A69A44F00CDDEBF /* Frameworks */,
				BDB6EC332A69A44F00CDDEBF /* Resources */,
			);
			buildRules = (
			);
			dependencies = (
			);
			name = clover;
			productName = clover;
			productReference = BDB6EC352A69A44F00CDDEBF /* clover.app */;
			productType = "com.apple.product-type.application";
		};
/* End PBXNativeTarget section */

/* Begin PBXProject section */
		BDB6EC2D2A69A44F00CDDEBF /* Project object */ = {
			isa = PBXProject;
			attributes = {
				BuildIndependentTargetsInParallel = 1;
				LastSwiftUpdateCheck = 1430;
				LastUpgradeCheck = 1430;
				TargetAttributes = {
					BDB6EC342A69A44F00CDDEBF = {
						CreatedOnToolsVersion = 14.3.1;
					};
				};
			};
			buildConfigurationList = BDB6EC302A69A44F00CDDEBF /* Build configuration list for PBXProject "clover" */;
			compatibilityVersion = "Xcode 14.0";
			developmentRegion = en;
			hasScannedForEncodings = 0;
			knownRegions = (
				en,
				Base,
			);
			mainGroup = BDB6EC2C2A69A44F00CDDEBF;
			productRefGroup = BDB6EC362A69A44F00CDDEBF /* Products */;
			projectDirPath = "";
			projectRoot = "";
			targets = (
				BDB6EC342A69A44F00CDDEBF /* clover */,
			);
		};
/* End PBXProject section */

/* Begin PBXResourcesBuildPhase section */
		BDB6EC332A69A44F00CDDEBF /* Resources */ = {
			isa = PBXResourcesBuildPhase;
			buildActionMask = 2147483647;
			files = (
				BDB6EC402A69A45000CDDEBF /* Preview Assets.xcassets in Resources */,
				BDB6EC3D2A69A45000CDDEBF /* Assets.xcassets in Resources */,
			);
			runOnlyForDeploymentPostprocessing = 0;
		};
/* End PBXResourcesBuildPhase section */

/* Begin PBXSourcesBuildPhase section */
		BDB6EC312A69A44F00CDDEBF /* Sources */ = {
			isa = PBXSourcesBuildPhase;
			buildActionMask = 2147483647;
			files = (
				BDC4AE182A69DCBE00B72EAA /* final.swift in Sources */,
				BDC4ADF72A69D06F00B72EAA /* Styling.swift in Sources */,
				BDB6EC3B2A69A44F00CDDEBF /* ContentView.swift in Sources */,
				BDB6EC532A69B40600CDDEBF /* brands.swift in Sources */,
				BDC4ADF92A69D0B400B72EAA /* Thrifting.swift in Sources */,
				BDC4ADFD2A69D18D00B72EAA /* shurt.swift in Sources */,
				BDC4AE162A69DC8200B72EAA /* thirdQ.swift in Sources */,
				BDC4ADFF2A69D22400B72EAA /* DiyInspo.swift in Sources */,
				BDC4AE1A2A69DCED00B72EAA /* findyourstyle.swift in Sources */,
				BDC4AE032A69D2D600B72EAA /* VideoView.swift in Sources */,
				BDB6EC512A69B3F700CDDEBF /* history.swift in Sources */,
				BDC4AE0B2A69D50400B72EAA /* Persistence.swift in Sources */,
				BDC4AE142A69DC5800B72EAA /* secondQ.swift in Sources */,
				BDC4ADFB2A69D15100B72EAA /* oooclothes.swift in Sources */,
				BDC4AE092A69D4AA00B72EAA /* NewToDoView.swift in Sources */,
				BDB6EC392A69A44F00CDDEBF /* cloverApp.swift in Sources */,
				BDB6EC4D2A69B34B00CDDEBF /* sustainablestars.swift in Sources */,
				BDC4AE122A69DC3400B72EAA /* buildoutfit.swift in Sources */,
				BDB6EC492A69A48700CDDEBF /* homepage.swift in Sources */,
				BDC4AE1C2A69E34D00B72EAA /* fashionissue.swift in Sources */,
				BDB6EC4F2A69B37300CDDEBF /* signaturestyle.swift in Sources */,
				BDB6EC4B2A69B33400CDDEBF /* fashionablyeducated.swift in Sources */,
				BD1F55042A6AEA0D00541A7E /* clover.xcdatamodeld in Sources */,
				BDC4AE052A69D3CB00B72EAA /* ToDoItem.swift in Sources */,
				BDC4AE012A69D27C00B72EAA /* test.swift in Sources */,
				BD1F55012A6AE93700541A7E /* toDoRedo.swift in Sources */,
			);
			runOnlyForDeploymentPostprocessing = 0;
		};
/* End PBXSourcesBuildPhase section */

/* Begin XCBuildConfiguration section */
		BDB6EC412A69A45000CDDEBF /* Debug */ = {
			isa = XCBuildConfiguration;
			buildSettings = {
				ALWAYS_SEARCH_USER_PATHS = NO;
				CLANG_ANALYZER_NONNULL = YES;
				CLANG_ANALYZER_NUMBER_OBJECT_CONVERSION = YES_AGGRESSIVE;
				CLANG_CXX_LANGUAGE_STANDARD = "gnu++20";
				CLANG_ENABLE_MODULES = YES;
				CLANG_ENABLE_OBJC_ARC = YES;
				CLANG_ENABLE_OBJC_WEAK = YES;
				CLANG_WARN_BLOCK_CAPTURE_AUTORELEASING = YES;
				CLANG_WARN_BOOL_CONVERSION = YES;
				CLANG_WARN_COMMA = YES;
				CLANG_WARN_CONSTANT_CONVERSION = YES;
				CLANG_WARN_DEPRECATED_OBJC_IMPLEMENTATIONS = YES;
				CLANG_WARN_DIRECT_OBJC_ISA_USAGE = YES_ERROR;
				CLANG_WARN_DOCUMENTATION_COMMENTS = YES;
				CLANG_WARN_EMPTY_BODY = YES;
				CLANG_WARN_ENUM_CONVERSION = YES;
				CLANG_WARN_INFINITE_RECURSION = YES;
				CLANG_WARN_INT_CONVERSION = YES;
				CLANG_WARN_NON_LITERAL_NULL_CONVERSION = YES;
				CLANG_WARN_OBJC_IMPLICIT_RETAIN_SELF = YES;
				CLANG_WARN_OBJC_LITERAL_CONVERSION = YES;
				CLANG_WARN_OBJC_ROOT_CLASS = YES_ERROR;
				CLANG_WARN_QUOTED_INCLUDE_IN_FRAMEWORK_HEADER = YES;
				CLANG_WARN_RANGE_LOOP_ANALYSIS = YES;
				CLANG_WARN_STRICT_PROTOTYPES = YES;
				CLANG_WARN_SUSPICIOUS_MOVE = YES;
				CLANG_WARN_UNGUARDED_AVAILABILITY = YES_AGGRESSIVE;
				CLANG_WARN_UNREACHABLE_CODE = YES;
				CLANG_WARN__DUPLICATE_METHOD_MATCH = YES;
				COPY_PHASE_STRIP = NO;
				DEBUG_INFORMATION_FORMAT = dwarf;
				ENABLE_STRICT_OBJC_MSGSEND = YES;
				ENABLE_TESTABILITY = YES;
				GCC_C_LANGUAGE_STANDARD = gnu11;
				GCC_DYNAMIC_NO_PIC = NO;
				GCC_NO_COMMON_BLOCKS = YES;
				GCC_OPTIMIZATION_LEVEL = 0;
				GCC_PREPROCESSOR_DEFINITIONS = (
					"DEBUG=1",
					"$(inherited)",
				);
				GCC_WARN_64_TO_32_BIT_CONVERSION = YES;
				GCC_WARN_ABOUT_RETURN_TYPE = YES_ERROR;
				GCC_WARN_UNDECLARED_SELECTOR = YES;
				GCC_WARN_UNINITIALIZED_AUTOS = YES_AGGRESSIVE;
				GCC_WARN_UNUSED_FUNCTION = YES;
				GCC_WARN_UNUSED_VARIABLE = YES;
				IPHONEOS_DEPLOYMENT_TARGET = 16.4;
				MTL_ENABLE_DEBUG_INFO = INCLUDE_SOURCE;
				MTL_FAST_MATH = YES;
				ONLY_ACTIVE_ARCH = YES;
				SDKROOT = iphoneos;
				SWIFT_ACTIVE_COMPILATION_CONDITIONS = DEBUG;
				SWIFT_OPTIMIZATION_LEVEL = "-Onone";
			};
			name = Debug;
		};
		BDB6EC422A69A45000CDDEBF /* Release */ = {
			isa = XCBuildConfiguration;
			buildSettings = {
				ALWAYS_SEARCH_USER_PATHS = NO;
				CLANG_ANALYZER_NONNULL = YES;
				CLANG_ANALYZER_NUMBER_OBJECT_CONVERSION = YES_AGGRESSIVE;
				CLANG_CXX_LANGUAGE_STANDARD = "gnu++20";
				CLANG_ENABLE_MODULES = YES;
				CLANG_ENABLE_OBJC_ARC = YES;
				CLANG_ENABLE_OBJC_WEAK = YES;
				CLANG_WARN_BLOCK_CAPTURE_AUTORELEASING = YES;
				CLANG_WARN_BOOL_CONVERSION = YES;
				CLANG_WARN_COMMA = YES;
				CLANG_WARN_CONSTANT_CONVERSION = YES;
				CLANG_WARN_DEPRECATED_OBJC_IMPLEMENTATIONS = YES;
				CLANG_WARN_DIRECT_OBJC_ISA_USAGE = YES_ERROR;
				CLANG_WARN_DOCUMENTATION_COMMENTS = YES;
				CLANG_WARN_EMPTY_BODY = YES;
				CLANG_WARN_ENUM_CONVERSION = YES;
				CLANG_WARN_INFINITE_RECURSION = YES;
				CLANG_WARN_INT_CONVERSION = YES;
				CLANG_WARN_NON_LITERAL_NULL_CONVERSION = YES;
				CLANG_WARN_OBJC_IMPLICIT_RETAIN_SELF = YES;
				CLANG_WARN_OBJC_LITERAL_CONVERSION = YES;
				CLANG_WARN_OBJC_ROOT_CLASS = YES_ERROR;
				CLANG_WARN_QUOTED_INCLUDE_IN_FRAMEWORK_HEADER = YES;
				CLANG_WARN_RANGE_LOOP_ANALYSIS = YES;
				CLANG_WARN_STRICT_PROTOTYPES = YES;
				CLANG_WARN_SUSPICIOUS_MOVE = YES;
				CLANG_WARN_UNGUARDED_AVAILABILITY = YES_AGGRESSIVE;
				CLANG_WARN_UNREACHABLE_CODE = YES;
				CLANG_WARN__DUPLICATE_METHOD_MATCH = YES;
				COPY_PHASE_STRIP = NO;
				DEBUG_INFORMATION_FORMAT = "dwarf-with-dsym";
				ENABLE_NS_ASSERTIONS = NO;
				ENABLE_STRICT_OBJC_MSGSEND = YES;
				GCC_C_LANGUAGE_STANDARD = gnu11;
				GCC_NO_COMMON_BLOCKS = YES;
				GCC_WARN_64_TO_32_BIT_CONVERSION = YES;
				GCC_WARN_ABOUT_RETURN_TYPE = YES_ERROR;
				GCC_WARN_UNDECLARED_SELECTOR = YES;
				GCC_WARN_UNINITIALIZED_AUTOS = YES_AGGRESSIVE;
				GCC_WARN_UNUSED_FUNCTION = YES;
				GCC_WARN_UNUSED_VARIABLE = YES;
				IPHONEOS_DEPLOYMENT_TARGET = 16.4;
				MTL_ENABLE_DEBUG_INFO = NO;
				MTL_FAST_MATH = YES;
				SDKROOT = iphoneos;
				SWIFT_COMPILATION_MODE = wholemodule;
				SWIFT_OPTIMIZATION_LEVEL = "-O";
				VALIDATE_PRODUCT = YES;
			};
			name = Release;
		};
		BDB6EC442A69A45000CDDEBF /* Debug */ = {
			isa = XCBuildConfiguration;
			buildSettings = {
				ASSETCATALOG_COMPILER_APPICON_NAME = AppIcon;
				ASSETCATALOG_COMPILER_GLOBAL_ACCENT_COLOR_NAME = AccentColor;
				CODE_SIGN_STYLE = Automatic;
				CURRENT_PROJECT_VERSION = 1;
				DEVELOPMENT_ASSET_PATHS = "\"clover/Preview Content\"";
				ENABLE_PREVIEWS = YES;
				GENERATE_INFOPLIST_FILE = YES;
				INFOPLIST_KEY_UIApplicationSceneManifest_Generation = YES;
				INFOPLIST_KEY_UIApplicationSupportsIndirectInputEvents = YES;
				INFOPLIST_KEY_UILaunchScreen_Generation = YES;
				INFOPLIST_KEY_UISupportedInterfaceOrientations_iPad = "UIInterfaceOrientationPortrait UIInterfaceOrientationPortraitUpsideDown UIInterfaceOrientationLandscapeLeft UIInterfaceOrientationLandscapeRight";
				INFOPLIST_KEY_UISupportedInterfaceOrientations_iPhone = "UIInterfaceOrientationPortrait UIInterfaceOrientationLandscapeLeft UIInterfaceOrientationLandscapeRight";
				LD_RUNPATH_SEARCH_PATHS = (
					"$(inherited)",
					"@executable_path/Frameworks",
				);
				MARKETING_VERSION = 1.0;
				PRODUCT_BUNDLE_IDENTIFIER = kwk.clover;
				PRODUCT_NAME = "$(TARGET_NAME)";
				SWIFT_EMIT_LOC_STRINGS = YES;
				SWIFT_VERSION = 5.0;
				TARGETED_DEVICE_FAMILY = "1,2";
			};
			name = Debug;
		};
		BDB6EC452A69A45000CDDEBF /* Release */ = {
			isa = XCBuildConfiguration;
			buildSettings = {
				ASSETCATALOG_COMPILER_APPICON_NAME = AppIcon;
				ASSETCATALOG_COMPILER_GLOBAL_ACCENT_COLOR_NAME = AccentColor;
				CODE_SIGN_STYLE = Automatic;
				CURRENT_PROJECT_VERSION = 1;
				DEVELOPMENT_ASSET_PATHS = "\"clover/Preview Content\"";
				ENABLE_PREVIEWS = YES;
				GENERATE_INFOPLIST_FILE = YES;
				INFOPLIST_KEY_UIApplicationSceneManifest_Generation = YES;
				INFOPLIST_KEY_UIApplicationSupportsIndirectInputEvents = YES;
				INFOPLIST_KEY_UILaunchScreen_Generation = YES;
				INFOPLIST_KEY_UISupportedInterfaceOrientations_iPad = "UIInterfaceOrientationPortrait UIInterfaceOrientationPortraitUpsideDown UIInterfaceOrientationLandscapeLeft UIInterfaceOrientationLandscapeRight";
				INFOPLIST_KEY_UISupportedInterfaceOrientations_iPhone = "UIInterfaceOrientationPortrait UIInterfaceOrientationLandscapeLeft UIInterfaceOrientationLandscapeRight";
				LD_RUNPATH_SEARCH_PATHS = (
					"$(inherited)",
					"@executable_path/Frameworks",
				);
				MARKETING_VERSION = 1.0;
				PRODUCT_BUNDLE_IDENTIFIER = kwk.clover;
				PRODUCT_NAME = "$(TARGET_NAME)";
				SWIFT_EMIT_LOC_STRINGS = YES;
				SWIFT_VERSION = 5.0;
				TARGETED_DEVICE_FAMILY = "1,2";
			};
			name = Release;
		};
/* End XCBuildConfiguration section */

/* Begin XCConfigurationList section */
		BDB6EC302A69A44F00CDDEBF /* Build configuration list for PBXProject "clover" */ = {
			isa = XCConfigurationList;
			buildConfigurations = (
				BDB6EC412A69A45000CDDEBF /* Debug */,
				BDB6EC422A69A45000CDDEBF /* Release */,
			);
			defaultConfigurationIsVisible = 0;
			defaultConfigurationName = Release;
		};
		BDB6EC432A69A45000CDDEBF /* Build configuration list for PBXNativeTarget "clover" */ = {
			isa = XCConfigurationList;
			buildConfigurations = (
				BDB6EC442A69A45000CDDEBF /* Debug */,
				BDB6EC452A69A45000CDDEBF /* Release */,
			);
			defaultConfigurationIsVisible = 0;
			defaultConfigurationName = Release;
		};
/* End XCConfigurationList section */

/* Begin XCVersionGroup section */
		BD1F55022A6AEA0D00541A7E /* clover.xcdatamodeld */ = {
			isa = XCVersionGroup;
			children = (
				BD1F55032A6AEA0D00541A7E /* clover.xcdatamodel */,
			);
			currentVersion = BD1F55032A6AEA0D00541A7E /* clover.xcdatamodel */;
			path = clover.xcdatamodeld;
			sourceTree = "<group>";
			versionGroupType = wrapper.xcdatamodel;
		};
/* End XCVersionGroup section */
	};
	rootObject = BDB6EC2D2A69A44F00CDDEBF /* Project object */;
}
